// !$*UTF8*$!
{
	archiveVersion = 1;
	classes = {
	};
	objectVersion = 46;
	objects = {

/* Begin PBXBuildFile section */
		9B247F741AB2BCF7009E87B9 /* SecondViewController.swift in Sources */ = {isa = PBXBuildFile; fileRef = 9B247F731AB2BCF7009E87B9 /* SecondViewController.swift */; };
		9B247F761AB2BEEC009E87B9 /* NavigationControllerDelegate.swift in Sources */ = {isa = PBXBuildFile; fileRef = 9B247F751AB2BEEC009E87B9 /* NavigationControllerDelegate.swift */; };
		9B247F781AB2BF92009E87B9 /* CircleTransitionAnimator.swift in Sources */ = {isa = PBXBuildFile; fileRef = 9B247F771AB2BF92009E87B9 /* CircleTransitionAnimator.swift */; };
		9BD6F33D1AB2B4E100782CC3 /* AppDelegate.swift in Sources */ = {isa = PBXBuildFile; fileRef = 9BD6F33C1AB2B4E100782CC3 /* AppDelegate.swift */; };
		9BD6F3401AB2B4E100782CC3 /* MXVCTransitionAnimations.xcdatamodeld in Sources */ = {isa = PBXBuildFile; fileRef = 9BD6F33E1AB2B4E100782CC3 /* MXVCTransitionAnimations.xcdatamodeld */; };
		9BD6F3421AB2B4E100782CC3 /* ViewController.swift in Sources */ = {isa = PBXBuildFile; fileRef = 9BD6F3411AB2B4E100782CC3 /* ViewController.swift */; };
		9BD6F3451AB2B4E100782CC3 /* Main.storyboard in Resources */ = {isa = PBXBuildFile; fileRef = 9BD6F3431AB2B4E100782CC3 /* Main.storyboard */; };
		9BD6F3471AB2B4E100782CC3 /* Images.xcassets in Resources */ = {isa = PBXBuildFile; fileRef = 9BD6F3461AB2B4E100782CC3 /* Images.xcassets */; };
		9BD6F34A1AB2B4E100782CC3 /* LaunchScreen.xib in Resources */ = {isa = PBXBuildFile; fileRef = 9BD6F3481AB2B4E100782CC3 /* LaunchScreen.xib */; };
		9BD6F3561AB2B4E200782CC3 /* MXVCTransitionAnimationsTests.swift in Sources */ = {isa = PBXBuildFile; fileRef = 9BD6F3551AB2B4E200782CC3 /* MXVCTransitionAnimationsTests.swift */; };
/* End PBXBuildFile section */

/* Begin PBXContainerItemProxy section */
		9BD6F3501AB2B4E200782CC3 /* PBXContainerItemProxy */ = {
			isa = PBXContainerItemProxy;
			containerPortal = 9BD6F32F1AB2B4E100782CC3 /* Project object */;
			proxyType = 1;
			remoteGlobalIDString = 9BD6F3361AB2B4E100782CC3;
			remoteInfo = MXVCTransitionAnimations;
		};
/* End PBXContainerItemProxy section */

/* Begin PBXFileReference section */
		9B247F731AB2BCF7009E87B9 /* SecondViewController.swift */ = {isa = PBXFileReference; fileEncoding = 4; lastKnownFileType = sourcecode.swift; path = SecondViewController.swift; sourceTree = "<group>"; };
		9B247F751AB2BEEC009E87B9 /* NavigationControllerDelegate.swift */ = {isa = PBXFileReference; fileEncoding = 4; lastKnownFileType = sourcecode.swift; path = NavigationControllerDelegate.swift; sourceTree = "<group>"; };
		9B247F771AB2BF92009E87B9 /* CircleTransitionAnimator.swift */ = {isa = PBXFileReference; fileEncoding = 4; lastKnownFileType = sourcecode.swift; path = CircleTransitionAnimator.swift; sourceTree = "<group>"; };
		9BD6F3371AB2B4E100782CC3 /* MXVCTransitionAnimations.app */ = {isa = PBXFileReference; explicitFileType = wrapper.application; includeInIndex = 0; path = MXVCTransitionAnimations.app; sourceTree = BUILT_PRODUCTS_DIR; };
		9BD6F33B1AB2B4E100782CC3 /* Info.plist */ = {isa = PBXFileReference; lastKnownFileType = text.plist.xml; path = Info.plist; sourceTree = "<group>"; };
		9BD6F33C1AB2B4E100782CC3 /* AppDelegate.swift */ = {isa = PBXFileReference; lastKnownFileType = sourcecode.swift; path = AppDelegate.swift; sourceTree = "<group>"; };
		9BD6F33F1AB2B4E100782CC3 /* MXVCTransitionAnimations.xcdatamodel */ = {isa = PBXFileReference; lastKnownFileType = wrapper.xcdatamodel; path = MXVCTransitionAnimations.xcdatamodel; sourceTree = "<group>"; };
		9BD6F3411AB2B4E100782CC3 /* ViewController.swift */ = {isa = PBXFileReference; lastKnownFileType = sourcecode.swift; path = ViewController.swift; sourceTree = "<group>"; };
		9BD6F3441AB2B4E100782CC3 /* Base */ = {isa = PBXFileReference; lastKnownFileType = file.storyboard; name = Base; path = Base.lproj/Main.storyboard; sourceTree = "<group>"; };
		9BD6F3461AB2B4E100782CC3 /* Images.xcassets */ = {isa = PBXFileReference; lastKnownFileType = folder.assetcatalog; path = Images.xcassets; sourceTree = "<group>"; };
		9BD6F3491AB2B4E100782CC3 /* Base */ = {isa = PBXFileReference; lastKnownFileType = file.xib; name = Base; path = Base.lproj/LaunchScreen.xib; sourceTree = "<group>"; };
		9BD6F34F1AB2B4E200782CC3 /* MXVCTransitionAnimationsTests.xctest */ = {isa = PBXFileReference; explicitFileType = wrapper.cfbundle; includeInIndex = 0; path = MXVCTransitionAnimationsTests.xctest; sourceTree = BUILT_PRODUCTS_DIR; };
		9BD6F3541AB2B4E200782CC3 /* Info.plist */ = {isa = PBXFileReference; lastKnownFileType = text.plist.xml; path = Info.plist; sourceTree = "<group>"; };
		9BD6F3551AB2B4E200782CC3 /* MXVCTransitionAnimationsTests.swift */ = {isa = PBXFileReference; lastKnownFileType = sourcecode.swift; path = MXVCTransitionAnimationsTests.swift; sourceTree = "<group>"; };
/* End PBXFileReference section */

/* Begin PBXFrameworksBuildPhase section */
		9BD6F3341AB2B4E100782CC3 /* Frameworks */ = {
			isa = PBXFrameworksBuildPhase;
			buildActionMask = 2147483647;
			files = (
			);
			runOnlyForDeploymentPostprocessing = 0;
		};
		9BD6F34C1AB2B4E200782CC3 /* Frameworks */ = {
			isa = PBXFrameworksBuildPhase;
			buildActionMask = 2147483647;
			files = (
			);
			runOnlyForDeploymentPostprocessing = 0;
		};
/* End PBXFrameworksBuildPhase section */

/* Begin PBXGroup section */
		9BD6F32E1AB2B4E100782CC3 = {
			isa = PBXGroup;
			children = (
				9BD6F3391AB2B4E100782CC3 /* MXVCTransitionAnimations */,
				9BD6F3521AB2B4E200782CC3 /* MXVCTransitionAnimationsTests */,
				9BD6F3381AB2B4E100782CC3 /* Products */,
			);
			sourceTree = "<group>";
		};
		9BD6F3381AB2B4E100782CC3 /* Products */ = {
			isa = PBXGroup;
			children = (
				9BD6F3371AB2B4E100782CC3 /* MXVCTransitionAnimations.app */,
				9BD6F34F1AB2B4E200782CC3 /* MXVCTransitionAnimationsTests.xctest */,
			);
			name = Products;
			sourceTree = "<group>";
		};
		9BD6F3391AB2B4E100782CC3 /* MXVCTransitionAnimations */ = {
			isa = PBXGroup;
			children = (
				9BD6F33C1AB2B4E100782CC3 /* AppDelegate.swift */,
				9BD6F3411AB2B4E100782CC3 /* ViewController.swift */,
				9B247F731AB2BCF7009E87B9 /* SecondViewController.swift */,
				9B247F771AB2BF92009E87B9 /* CircleTransitionAnimator.swift */,
				9B247F751AB2BEEC009E87B9 /* NavigationControllerDelegate.swift */,
				9BD6F3431AB2B4E100782CC3 /* Main.storyboard */,
				9BD6F3461AB2B4E100782CC3 /* Images.xcassets */,
				9BD6F3481AB2B4E100782CC3 /* LaunchScreen.xib */,
				9BD6F33E1AB2B4E100782CC3 /* MXVCTransitionAnimations.xcdatamodeld */,
				9BD6F33A1AB2B4E100782CC3 /* Supporting Files */,
			);
			path = MXVCTransitionAnimations;
			sourceTree = "<group>";
		};
		9BD6F33A1AB2B4E100782CC3 /* Supporting Files */ = {
			isa = PBXGroup;
			children = (
				9BD6F33B1AB2B4E100782CC3 /* Info.plist */,
			);
			name = "Supporting Files";
			sourceTree = "<group>";
		};
		9BD6F3521AB2B4E200782CC3 /* MXVCTransitionAnimationsTests */ = {
			isa = PBXGroup;
			children = (
				9BD6F3551AB2B4E200782CC3 /* MXVCTransitionAnimationsTests.swift */,
				9BD6F3531AB2B4E200782CC3 /* Supporting Files */,
			);
			path = MXVCTransitionAnimationsTests;
			sourceTree = "<group>";
		};
		9BD6F3531AB2B4E200782CC3 /* Supporting Files */ = {
			isa = PBXGroup;
			children = (
				9BD6F3541AB2B4E200782CC3 /* Info.plist */,
			);
			name = "Supporting Files";
			sourceTree = "<group>";
		};
/* End PBXGroup section */

/* Begin PBXNativeTarget section */
		9BD6F3361AB2B4E100782CC3 /* MXVCTransitionAnimations */ = {
			isa = PBXNativeTarget;
			buildConfigurationList = 9BD6F3591AB2B4E200782CC3 /* Build configuration list for PBXNativeTarget "MXVCTransitionAnimations" */;
			buildPhases = (
				9BD6F3331AB2B4E100782CC3 /* Sources */,
				9BD6F3341AB2B4E100782CC3 /* Frameworks */,
				9BD6F3351AB2B4E100782CC3 /* Resources */,
			);
			buildRules = (
			);
			dependencies = (
			);
			name = MXVCTransitionAnimations;
			productName = MXVCTransitionAnimations;
			productReference = 9BD6F3371AB2B4E100782CC3 /* MXVCTransitionAnimations.app */;
			productType = "com.apple.product-type.application";
		};
		9BD6F34E1AB2B4E200782CC3 /* MXVCTransitionAnimationsTests */ = {
			isa = PBXNativeTarget;
			buildConfigurationList = 9BD6F35C1AB2B4E200782CC3 /* Build configuration list for PBXNativeTarget "MXVCTransitionAnimationsTests" */;
			buildPhases = (
				9BD6F34B1AB2B4E200782CC3 /* Sources */,
				9BD6F34C1AB2B4E200782CC3 /* Frameworks */,
				9BD6F34D1AB2B4E200782CC3 /* Resources */,
			);
			buildRules = (
			);
			dependencies = (
				9BD6F3511AB2B4E200782CC3 /* PBXTargetDependency */,
			);
			name = MXVCTransitionAnimationsTests;
			productName = MXVCTransitionAnimationsTests;
			productReference = 9BD6F34F1AB2B4E200782CC3 /* MXVCTransitionAnimationsTests.xctest */;
			productType = "com.apple.product-type.bundle.unit-test";
		};
/* End PBXNativeTarget section */

/* Begin PBXProject section */
		9BD6F32F1AB2B4E100782CC3 /* Project object */ = {
			isa = PBXProject;
			attributes = {
				LastUpgradeCheck = 0620;
				ORGANIZATIONNAME = limaoxuan;
				TargetAttributes = {
					9BD6F3361AB2B4E100782CC3 = {
						CreatedOnToolsVersion = 6.2;
					};
					9BD6F34E1AB2B4E200782CC3 = {
						CreatedOnToolsVersion = 6.2;
						TestTargetID = 9BD6F3361AB2B4E100782CC3;
					};
				};
			};
			buildConfigurationList = 9BD6F3321AB2B4E100782CC3 /* Build configuration list for PBXProject "MXVCTransitionAnimations" */;
			compatibilityVersion = "Xcode 3.2";
			developmentRegion = English;
			hasScannedForEncodings = 0;
			knownRegions = (
				en,
				Base,
			);
			mainGroup = 9BD6F32E1AB2B4E100782CC3;
			productRefGroup = 9BD6F3381AB2B4E100782CC3 /* Products */;
			projectDirPath = "";
			projectRoot = "";
			targets = (
				9BD6F3361AB2B4E100782CC3 /* MXVCTransitionAnimations */,
				9BD6F34E1AB2B4E200782CC3 /* MXVCTransitionAnimationsTests */,
			);
		};
/* End PBXProject section */

/* Begin PBXResourcesBuildPhase section */
		9BD6F3351AB2B4E100782CC3 /* Resources */ = {
			isa = PBXResourcesBuildPhase;
			buildActionMask = 2147483647;
			files = (
				9BD6F3451AB2B4E100782CC3 /* Main.storyboard in Resources */,
				9BD6F34A1AB2B4E100782CC3 /* LaunchScreen.xib in Resources */,
				9BD6F3471AB2B4E100782CC3 /* Images.xcassets in Resources */,
			);
			runOnlyForDeploymentPostprocessing = 0;
		};
		9BD6F34D1AB2B4E200782CC3 /* Resources */ = {
			isa = PBXResourcesBuildPhase;
			buildActionMask = 2147483647;
			files = (
			);
			runOnlyForDeploymentPostprocessing = 0;
		};
/* End PBXResourcesBuildPhase section */

/* Begin PBXSourcesBuildPhase section */
		9BD6F3331AB2B4E100782CC3 /* Sources */ = {
			isa = PBXSourcesBuildPhase;
			buildActionMask = 2147483647;
			files = (
				9B247F761AB2BEEC009E87B9 /* NavigationControllerDelegate.swift in Sources */,
				9B247F741AB2BCF7009E87B9 /* SecondViewController.swift in Sources */,
				9BD6F3421AB2B4E100782CC3 /* ViewController.swift in Sources */,
				9BD6F33D1AB2B4E100782CC3 /* AppDelegate.swift in Sources */,
				9BD6F3401AB2B4E100782CC3 /* MXVCTransitionAnimations.xcdatamodeld in Sources */,
				9B247F781AB2BF92009E87B9 /* CircleTransitionAnimator.swift in Sources */,
			);
			runOnlyForDeploymentPostprocessing = 0;
		};
		9BD6F34B1AB2B4E200782CC3 /* Sources */ = {
			isa = PBXSourcesBuildPhase;
			buildActionMask = 2147483647;
			files = (
				9BD6F3561AB2B4E200782CC3 /* MXVCTransitionAnimationsTests.swift in Sources */,
			);
			runOnlyForDeploymentPostprocessing = 0;
		};
/* End PBXSourcesBuildPhase section */

/* Begin PBXTargetDependency section */
		9BD6F3511AB2B4E200782CC3 /* PBXTargetDependency */ = {
			isa = PBXTargetDependency;
			target = 9BD6F3361AB2B4E100782CC3 /* MXVCTransitionAnimations */;
			targetProxy = 9BD6F3501AB2B4E200782CC3 /* PBXContainerItemProxy */;
		};
/* End PBXTargetDependency section */

/* Begin PBXVariantGroup section */
		9BD6F3431AB2B4E100782CC3 /* Main.storyboard */ = {
			isa = PBXVariantGroup;
			children = (
				9BD6F3441AB2B4E100782CC3 /* Base */,
			);
			name = Main.storyboard;
			sourceTree = "<group>";
		};
		9BD6F3481AB2B4E100782CC3 /* LaunchScreen.xib */ = {
			isa = PBXVariantGroup;
			children = (
				9BD6F3491AB2B4E100782CC3 /* Base */,
			);
			name = LaunchScreen.xib;
			sourceTree = "<group>";
		};
/* End PBXVariantGroup section */

/* Begin XCBuildConfiguration section */
		9BD6F3571AB2B4E200782CC3 /* Debug */ = {
			isa = XCBuildConfiguration;
			buildSettings = {
				ALWAYS_SEARCH_USER_PATHS = NO;
				CLANG_CXX_LANGUAGE_STANDARD = "gnu++0x";
				CLANG_CXX_LIBRARY = "libc++";
				CLANG_ENABLE_MODULES = YES;
				CLANG_ENABLE_OBJC_ARC = YES;
				CLANG_WARN_BOOL_CONVERSION = YES;
				CLANG_WARN_CONSTANT_CONVERSION = YES;
				CLANG_WARN_DIRECT_OBJC_ISA_USAGE = YES_ERROR;
				CLANG_WARN_EMPTY_BODY = YES;
				CLANG_WARN_ENUM_CONVERSION = YES;
				CLANG_WARN_INT_CONVERSION = YES;
				CLANG_WARN_OBJC_ROOT_CLASS = YES_ERROR;
				CLANG_WARN_UNREACHABLE_CODE = YES;
				CLANG_WARN__DUPLICATE_METHOD_MATCH = YES;
				"CODE_SIGN_IDENTITY[sdk=iphoneos*]" = "iPhone Developer";
				COPY_PHASE_STRIP = NO;
				ENABLE_STRICT_OBJC_MSGSEND = YES;
				GCC_C_LANGUAGE_STANDARD = gnu99;
				GCC_DYNAMIC_NO_PIC = NO;
				GCC_OPTIMIZATION_LEVEL = 0;
				GCC_PREPROCESSOR_DEFINITIONS = (
					"DEBUG=1",
					"$(inherited)",
				);
				GCC_SYMBOLS_PRIVATE_EXTERN = NO;
				GCC_WARN_64_TO_32_BIT_CONVERSION = YES;
				GCC_WARN_ABOUT_RETURN_TYPE = YES_ERROR;
				GCC_WARN_UNDECLARED_SELECTOR = YES;
				GCC_WARN_UNINITIALIZED_AUTOS = YES_AGGRESSIVE;
				GCC_WARN_UNUSED_FUNCTION = YES;
				GCC_WARN_UNUSED_VARIABLE = YES;
				IPHONEOS_DEPLOYMENT_TARGET = 8.2;
				MTL_ENABLE_DEBUG_INFO = YES;
				ONLY_ACTIVE_ARCH = YES;
				SDKROOT = iphoneos;
				SWIFT_OPTIMIZATION_LEVEL = "-Onone";
				TARGETED_DEVICE_FAMILY = "1,2";
			};
			name = Debug;
		};
		9BD6F3581AB2B4E200782CC3 /* Release */ = {
			isa = XCBuildConfiguration;
			buildSettings = {
				ALWAYS_SEARCH_USER_PATHS = NO;
				CLANG_CXX_LANGUAGE_STANDARD = "gnu++0x";
				CLANG_CXX_LIBRARY = "libc++";
				CLANG_ENABLE_MODULES = YES;
				CLANG_ENABLE_OBJC_ARC = YES;
				CLANG_WARN_BOOL_CONVERSION = YES;
				CLANG_WARN_CONSTANT_CONVERSION = YES;
				CLANG_WARN_DIRECT_OBJC_ISA_USAGE = YES_ERROR;
				CLANG_WARN_EMPTY_BODY = YES;
				CLANG_WARN_ENUM_CONVERSION = YES;
				CLANG_WARN_INT_CONVERSION = YES;
				CLANG_WARN_OBJC_ROOT_CLASS = YES_ERROR;
				CLANG_WARN_UNREACHABLE_CODE = YES;
				CLANG_WARN__DUPLICATE_METHOD_MATCH = YES;
				"CODE_SIGN_IDENTITY[sdk=iphoneos*]" = "iPhone Developer";
				COPY_PHASE_STRIP = NO;
				ENABLE_NS_ASSERTIONS = NO;
				ENABLE_STRICT_OBJC_MSGSEND = YES;
				GCC_C_LANGUAGE_STANDARD = gnu99;
				GCC_WARN_64_TO_32_BIT_CONVERSION = YES;
				GCC_WARN_ABOUT_RETURN_TYPE = YES_ERROR;
				GCC_WARN_UNDECLARED_SELECTOR = YES;
				GCC_WARN_UNINITIALIZED_AUTOS = YES_AGGRESSIVE;
				GCC_WARN_UNUSED_FUNCTION = YES;
				GCC_WARN_UNUSED_VARIABLE = YES;
				IPHONEOS_DEPLOYMENT_TARGET = 8.2;
				MTL_ENABLE_DEBUG_INFO = NO;
				SDKROOT = iphoneos;
				TARGETED_DEVICE_FAMILY = "1,2";
				VALIDATE_PRODUCT = YES;
			};
			name = Release;
		};
		9BD6F35A1AB2B4E200782CC3 /* Debug */ = {
			isa = XCBuildConfiguration;
			buildSettings = {
				ASSETCATALOG_COMPILER_APPICON_NAME = AppIcon;
				INFOPLIST_FILE = MXVCTransitionAnimations/Info.plist;
				LD_RUNPATH_SEARCH_PATHS = "$(inherited) @executable_path/Frameworks";
				PRODUCT_NAME = "$(TARGET_NAME)";
			};
			name = Debug;
		};
		9BD6F35B1AB2B4E200782CC3 /* Release */ = {
			isa = XCBuildConfiguration;
			buildSettings = {
				ASSETCATALOG_COMPILER_APPICON_NAME = AppIcon;
				INFOPLIST_FILE = MXVCTransitionAnimations/Info.plist;
				LD_RUNPATH_SEARCH_PATHS = "$(inherited) @executable_path/Frameworks";
				PRODUCT_NAME = "$(TARGET_NAME)";
			};
			name = Release;
		};
		9BD6F35D1AB2B4E200782CC3 /* Debug */ = {
			isa = XCBuildConfiguration;
			buildSettings = {
				BUNDLE_LOADER = "$(TEST_HOST)";
				FRAMEWORK_SEARCH_PATHS = (
					"$(SDKROOT)/Developer/Library/Frameworks",
					"$(inherited)",
				);
				GCC_PREPROCESSOR_DEFINITIONS = (
					"DEBUG=1",
					"$(inherited)",
				);
				INFOPLIST_FILE = MXVCTransitionAnimationsTests/Info.plist;
				LD_RUNPATH_SEARCH_PATHS = "$(inherited) @executable_path/Frameworks @loader_path/Frameworks";
				PRODUCT_NAME = "$(TARGET_NAME)";
				TEST_HOST = "$(BUILT_PRODUCTS_DIR)/MXVCTransitionAnimations.app/MXVCTransitionAnimations";
			};
			name = Debug;
		};
		9BD6F35E1AB2B4E200782CC3 /* Release */ = {
			isa = XCBuildConfiguration;
			buildSettings = {
				BUNDLE_LOADER = "$(TEST_HOST)";
				FRAMEWORK_SEARCH_PATHS = (
					"$(SDKROOT)/Developer/Library/Frameworks",
					"$(inherited)",
				);
				INFOPLIST_FILE = MXVCTransitionAnimationsTests/Info.plist;
				LD_RUNPATH_SEARCH_PATHS = "$(inherited) @executable_path/Frameworks @loader_path/Frameworks";
				PRODUCT_NAME = "$(TARGET_NAME)";
				TEST_HOST = "$(BUILT_PRODUCTS_DIR)/MXVCTransitionAnimations.app/MXVCTransitionAnimations";
			};
			name = Release;
		};
/* End XCBuildConfiguration section */

/* Begin XCConfigurationList section */
		9BD6F3321AB2B4E100782CC3 /* Build configuration list for PBXProject "MXVCTransitionAnimations" */ = {
			isa = XCConfigurationList;
			buildConfigurations = (
				9BD6F3571AB2B4E200782CC3 /* Debug */,
				9BD6F3581AB2B4E200782CC3 /* Release */,
			);
			defaultConfigurationIsVisible = 0;
			defaultConfigurationName = Release;
		};
		9BD6F3591AB2B4E200782CC3 /* Build configuration list for PBXNativeTarget "MXVCTransitionAnimations" */ = {
			isa = XCConfigurationList;
			buildConfigurations = (
				9BD6F35A1AB2B4E200782CC3 /* Debug */,
				9BD6F35B1AB2B4E200782CC3 /* Release */,
			);
			defaultConfigurationIsVisible = 0;
			defaultConfigurationName = Release;
		};
		9BD6F35C1AB2B4E200782CC3 /* Build configuration list for PBXNativeTarget "MXVCTransitionAnimationsTests" */ = {
			isa = XCConfigurationList;
			buildConfigurations = (
				9BD6F35D1AB2B4E200782CC3 /* Debug */,
				9BD6F35E1AB2B4E200782CC3 /* Release */,
			);
			defaultConfigurationIsVisible = 0;
			defaultConfigurationName = Release;
		};
/* End XCConfigurationList section */

/* Begin XCVersionGroup section */
		9BD6F33E1AB2B4E100782CC3 /* MXVCTransitionAnimations.xcdatamodeld */ = {
			isa = XCVersionGroup;
			children = (
				9BD6F33F1AB2B4E100782CC3 /* MXVCTransitionAnimations.xcdatamodel */,
			);
			currentVersion = 9BD6F33F1AB2B4E100782CC3 /* MXVCTransitionAnimations.xcdatamodel */;
			path = MXVCTransitionAnimations.xcdatamodeld;
			sourceTree = "<group>";
			versionGroupType = wrapper.xcdatamodel;
		};
/* End XCVersionGroup section */
	};
	rootObject = 9BD6F32F1AB2B4E100782CC3 /* Project object */;
}
